{
  "version": "5",
  "specifiers": {
    "jsr:@std/assert@1": "1.0.13",
    "jsr:@std/internal@^1.0.6": "1.0.10"
  },
  "jsr": {
    "@std/assert@1.0.13": {
      "integrity": "ae0d31e41919b12c656c742b22522c32fb26ed0cba32975cb0de2a273cb68b29",
      "dependencies": [
        "jsr:@std/internal"
      ]
    },
    "@std/internal@1.0.10": {
      "integrity": "e3be62ce42cab0e177c27698e5d9800122f67b766a0bea6ca4867886cbde8cf7"
    }
  },
  "workspace": {
    "dependencies": [
      "jsr:@std/assert@1"
    ],
    "packageJson": {
      "dependencies": [
        "npm:@types/node@^22.7.5",
        "npm:@vitest/coverage-v8@^3.0.7",
        "npm:eslint-config-prettier@^10.0.1",
        "npm:eslint-plugin-n@^17.11.1",
        "npm:eslint@^9.12.0",
        "npm:typescript@^5.6.3",
        "npm:vite-plugin-dts@^4.2.4",
        "npm:vite-tsconfig-paths@^5.0.1",
        "npm:vite@^6.0.6",
        "npm:vitest@^3.0.7"
      ]
    }
  }
}
